
Microsoft Visual Studio Solution File, Format Version 12.00
# Visual Studio Version 17
VisualStudioVersion = 17.5.33627.172
MinimumVisualStudioVersion = 10.0.40219.1
Project("{9A19103F-16F7-4668-BE54-9A1E7A4F7556}") = "TechChallenge.Presentation", "TechChallenge.Presentation\TechChallenge.Presentation.csproj", "{7B60402F-BA83-408F-B3DA-2308E2448E12}"
EndProject
Project("{9A19103F-16F7-4668-BE54-9A1E7A4F7556}") = "TechChallenge.Domain", "TechChallenge.Domain\TechChallenge.Domain.csproj", "{EC1155AC-65A8-4696-B05A-FB4F26850E79}"
EndProject
Project("{9A19103F-16F7-4668-BE54-9A1E7A4F7556}") = "TechChallenge.Infrastructure", "TechChallenge.Infrastructure\TechChallenge.Infrastructure.csproj", "{65ED0A23-1CC0-448A-A04B-10807D3A1764}"
EndProject
Project("{9A19103F-16F7-4668-BE54-9A1E7A4F7556}") = "TechChallenge.Application", "TechChallenge.Application\TechChallenge.Application.csproj", "{9163936A-DA87-4423-9211-A2E7E53AE439}"
EndProject
Global
	GlobalSection(SolutionConfigurationPlatforms) = preSolution
		Debug|Any CPU = Debug|Any CPU
		Release|Any CPU = Release|Any CPU
	EndGlobalSection
	GlobalSection(ProjectConfigurationPlatforms) = postSolution
		{7B60402F-BA83-408F-B3DA-2308E2448E12}.Debug|Any CPU.ActiveCfg = Debug|Any CPU
		{7B60402F-BA83-408F-B3DA-2308E2448E12}.Debug|Any CPU.Build.0 = Debug|Any CPU
		{7B60402F-BA83-408F-B3DA-2308E2448E12}.Release|Any CPU.ActiveCfg = Release|Any CPU
		{7B60402F-BA83-408F-B3DA-2308E2448E12}.Release|Any CPU.Build.0 = Release|Any CPU
		{EC1155AC-65A8-4696-B05A-FB4F26850E79}.Debug|Any CPU.ActiveCfg = Debug|Any CPU
		{EC1155AC-65A8-4696-B05A-FB4F26850E79}.Debug|Any CPU.Build.0 = Debug|Any CPU
		{EC1155AC-65A8-4696-B05A-FB4F26850E79}.Release|Any CPU.ActiveCfg = Release|Any CPU
		{EC1155AC-65A8-4696-B05A-FB4F26850E79}.Release|Any CPU.Build.0 = Release|Any CPU
		{65ED0A23-1CC0-448A-A04B-10807D3A1764}.Debug|Any CPU.ActiveCfg = Debug|Any CPU
		{65ED0A23-1CC0-448A-A04B-10807D3A1764}.Debug|Any CPU.Build.0 = Debug|Any CPU
		{65ED0A23-1CC0-448A-A04B-10807D3A1764}.Release|Any CPU.ActiveCfg = Release|Any CPU
		{65ED0A23-1CC0-448A-A04B-10807D3A1764}.Release|Any CPU.Build.0 = Release|Any CPU
		{9163936A-DA87-4423-9211-A2E7E53AE439}.Debug|Any CPU.ActiveCfg = Debug|Any CPU
		{9163936A-DA87-4423-9211-A2E7E53AE439}.Debug|Any CPU.Build.0 = Debug|Any CPU
		{9163936A-DA87-4423-9211-A2E7E53AE439}.Release|Any CPU.ActiveCfg = Release|Any CPU
		{9163936A-DA87-4423-9211-A2E7E53AE439}.Release|Any CPU.Build.0 = Release|Any CPU
	EndGlobalSection
	GlobalSection(SolutionProperties) = preSolution
		HideSolutionNode = FALSE
	EndGlobalSection
	GlobalSection(ExtensibilityGlobals) = postSolution
		SolutionGuid = {E79BBF4B-499E-4094-9521-6DC47925FE9D}
	EndGlobalSection
EndGlobal
